
Microsoft Visual Studio Solution File, Format Version 12.00
# Visual Studio Version 17
VisualStudioVersion = 17.13.35919.96
MinimumVisualStudioVersion = 10.0.40219.1
Project("{FAE04EC0-301F-11D3-BF4B-00C04F79EFBC}") = "WebApi", "WebApi\WebApi.csproj", "{391F8F2F-A3CE-46DA-BE4D-2B2727FA1EF7}"
EndProject
Project("{FAE04EC0-301F-11D3-BF4B-00C04F79EFBC}") = "WebClient", "WebClient\WebClient.csproj", "{96A91381-05D7-4245-929A-358D3B23647B}"
EndProject
Global
	GlobalSection(SolutionConfigurationPlatforms) = preSolution
		Debug|Any CPU = Debug|Any CPU
		Release|Any CPU = Release|Any CPU
	EndGlobalSection
	GlobalSection(ProjectConfigurationPlatforms) = postSolution
		{391F8F2F-A3CE-46DA-BE4D-2B2727FA1EF7}.Debug|Any CPU.ActiveCfg = Debug|Any CPU
		{391F8F2F-A3CE-46DA-BE4D-2B2727FA1EF7}.Debug|Any CPU.Build.0 = Debug|Any CPU
		{391F8F2F-A3CE-46DA-BE4D-2B2727FA1EF7}.Release|Any CPU.ActiveCfg = Release|Any CPU
		{391F8F2F-A3CE-46DA-BE4D-2B2727FA1EF7}.Release|Any CPU.Build.0 = Release|Any CPU
		{96A91381-05D7-4245-929A-358D3B23647B}.Debug|Any CPU.ActiveCfg = Debug|Any CPU
		{96A91381-05D7-4245-929A-358D3B23647B}.Debug|Any CPU.Build.0 = Debug|Any CPU
		{96A91381-05D7-4245-929A-358D3B23647B}.Release|Any CPU.ActiveCfg = Release|Any CPU
		{96A91381-05D7-4245-929A-358D3B23647B}.Release|Any CPU.Build.0 = Release|Any CPU
	EndGlobalSection
	GlobalSection(SolutionProperties) = preSolution
		HideSolutionNode = FALSE
	EndGlobalSection
	GlobalSection(ExtensibilityGlobals) = postSolution
		SolutionGuid = {AAD542A2-8F85-4F2E-93DA-6A9B6681328B}
	EndGlobalSection
EndGlobal
